
Microsoft Visual Studio Solution File, Format Version 12.00
# Visual Studio Version 17
VisualStudioVersion = 17.8.34330.188
MinimumVisualStudioVersion = 10.0.40219.1
Project("{FAE04EC0-301F-11D3-BF4B-00C04F79EFBC}") = "Assignment2_StartingPoint", "Assignment2_StartingPoint\Assignment2_StartingPoint.csproj", "{07D6B681-5AC9-49DF-99CB-1A12AD86B6DD}"
EndProject
Global
	GlobalSection(SolutionConfigurationPlatforms) = preSolution
		Debug|Any CPU = Debug|Any CPU
		Release|Any CPU = Release|Any CPU
	EndGlobalSection
	GlobalSection(ProjectConfigurationPlatforms) = postSolution
		{07D6B681-5AC9-49DF-99CB-1A12AD86B6DD}.Debug|Any CPU.ActiveCfg = Debug|Any CPU
		{07D6B681-5AC9-49DF-99CB-1A12AD86B6DD}.Debug|Any CPU.Build.0 = Debug|Any CPU
		{07D6B681-5AC9-49DF-99CB-1A12AD86B6DD}.Release|Any CPU.ActiveCfg = Release|Any CPU
		{07D6B681-5AC9-49DF-99CB-1A12AD86B6DD}.Release|Any CPU.Build.0 = Release|Any CPU
	EndGlobalSection
	GlobalSection(SolutionProperties) = preSolution
		HideSolutionNode = FALSE
	EndGlobalSection
	GlobalSection(ExtensibilityGlobals) = postSolution
		SolutionGuid = {584F14AB-2D64-45A6-A754-1DCC7206D524}
	EndGlobalSection
EndGlobal
